{
  "name": "philips-hue-adapter",
  "version": "0.3.0",
  "lockfileVersion": 1,
  "requires": true,
  "dependencies": {
    "async": {
      "version": "2.6.0",
      "resolved": "https://registry.npmjs.org/async/-/async-2.6.0.tgz",
      "integrity": "sha512-xAfGg1/NTLBBKlHFmnd7PlmUW9KhVQIUuSrYem9xzFUZy13ScvtyGGejaae9iAVRiRq9+Cx7DPFaAAhCpyxyPw==",
      "requires": {
        "lodash": "4.17.4"
      }
    },
    "bluebird": {
      "version": "3.5.1",
      "resolved": "https://registry.npmjs.org/bluebird/-/bluebird-3.5.1.tgz",
      "integrity": "sha512-MKiLiV+I1AA596t9w1sQJ8jkiSr5+ZKi0WKrYGUn6d1Fx+Ij4tIj+m2WMQSGczs5jZVxV339chE8iwk6F64wjA=="
    },
    "color": {
      "version": "2.0.1",
      "resolved": "https://registry.npmjs.org/color/-/color-2.0.1.tgz",
      "integrity": "sha512-ubUCVVKfT7r2w2D3qtHakj8mbmKms+tThR8gI8zEYCbUBl8/voqFGt3kgBqGwXAopgXybnkuOq+qMYCRrp4cXw==",
      "requires": {
        "color-convert": "1.9.1",
        "color-string": "1.5.2"
      }
    },
    "color-convert": {
      "version": "1.9.1",
      "resolved": "https://registry.npmjs.org/color-convert/-/color-convert-1.9.1.tgz",
      "integrity": "sha512-mjGanIiwQJskCC18rPR6OmrZ6fm2Lc7PeGFYwCmy5J34wC6F1PzdGL6xeMfmgicfYcNLGuVFA3WzXtIDCQSZxQ==",
      "requires": {
        "color-name": "1.1.3"
      }
    },
    "color-name": {
      "version": "1.1.3",
      "resolved": "https://registry.npmjs.org/color-name/-/color-name-1.1.3.tgz",
      "integrity": "sha1-p9BVi9icQveV3UIyj3QIMcpTvCU="
    },
    "color-string": {
      "version": "1.5.2",
      "resolved": "https://registry.npmjs.org/color-string/-/color-string-1.5.2.tgz",
      "integrity": "sha1-JuRYFLw8mny9Z1FkikFDRRSnc6k=",
      "requires": {
        "color-name": "1.1.3",
        "simple-swizzle": "0.2.2"
      }
    },
    "debug": {
      "version": "2.6.9",
      "resolved": "https://registry.npmjs.org/debug/-/debug-2.6.9.tgz",
      "integrity": "sha512-bC7ElrdJaJnPbAP+1EotYvqZsb3ecl5wi6Bfi6BJTUcNowp6cvspg0jXznRTKDjm/E7AdgFBVeAPVMNcKGsHMA==",
      "requires": {
        "ms": "2.0.0"
      }
    },
    "extend": {
      "version": "3.0.1",
      "resolved": "https://registry.npmjs.org/extend/-/extend-3.0.1.tgz",
      "integrity": "sha1-p1Xqe8Gt/MWjHOfnYtuq3F5jZEQ="
    },
    "ip": {
      "version": "1.1.5",
      "resolved": "https://registry.npmjs.org/ip/-/ip-1.1.5.tgz",
      "integrity": "sha1-vd7XARQpCCjAoDnnLvJfWq7ENUo="
    },
    "is-absolute": {
      "version": "0.2.6",
      "resolved": "https://registry.npmjs.org/is-absolute/-/is-absolute-0.2.6.tgz",
      "integrity": "sha1-IN5p89uULvLYe5wto28XIjWxtes=",
      "requires": {
        "is-relative": "0.2.1",
        "is-windows": "0.2.0"
      }
    },
    "is-arrayish": {
      "version": "0.3.1",
      "resolved": "https://registry.npmjs.org/is-arrayish/-/is-arrayish-0.3.1.tgz",
      "integrity": "sha1-wt/DhquqDD4zxI2z/ocFnmkGXv0="
    },
    "is-relative": {
      "version": "0.2.1",
      "resolved": "https://registry.npmjs.org/is-relative/-/is-relative-0.2.1.tgz",
      "integrity": "sha1-0n9MfVFtF1+2ENuEu+7yPDvJeqU=",
      "requires": {
        "is-unc-path": "0.1.2"
      }
    },
    "is-unc-path": {
      "version": "0.1.2",
      "resolved": "https://registry.npmjs.org/is-unc-path/-/is-unc-path-0.1.2.tgz",
      "integrity": "sha1-arBTpyVzwQJQ/0FqOBTDUXivObk=",
      "requires": {
        "unc-path-regex": "0.1.2"
      }
    },
    "is-windows": {
      "version": "0.2.0",
      "resolved": "https://registry.npmjs.org/is-windows/-/is-windows-0.2.0.tgz",
      "integrity": "sha1-3hqm1j6indJIc3tp8f+LgALSEIw="
    },
    "lodash": {
      "version": "4.17.4",
      "resolved": "https://registry.npmjs.org/lodash/-/lodash-4.17.4.tgz",
      "integrity": "sha1-eCA6TRwyiuHYbcpkYONptX9AVa4="
    },
    "minimist": {
      "version": "0.0.8",
      "resolved": "https://registry.npmjs.org/minimist/-/minimist-0.0.8.tgz",
      "integrity": "sha1-hX/Kv8M5fSYluCKCYuhqp6ARsF0="
    },
    "mkdirp": {
      "version": "0.5.1",
      "resolved": "https://registry.npmjs.org/mkdirp/-/mkdirp-0.5.1.tgz",
      "integrity": "sha1-MAV0OOrGz3+MR2fzhkjWaX11yQM=",
      "requires": {
        "minimist": "0.0.8"
      }
    },
    "ms": {
      "version": "2.0.0",
      "resolved": "https://registry.npmjs.org/ms/-/ms-2.0.0.tgz",
      "integrity": "sha1-VgiurfwAvmwpAd9fmGF4jeDVl8g="
    },
    "node-persist": {
      "version": "2.1.0",
      "resolved": "https://registry.npmjs.org/node-persist/-/node-persist-2.1.0.tgz",
      "integrity": "sha1-5lK784haBNrWo1PXQXYXfIORRwc=",
      "requires": {
        "is-absolute": "0.2.6",
        "mkdirp": "0.5.1",
        "q": "1.1.2"
      }
    },
    "node-ssdp": {
      "version": "3.2.5",
      "resolved": "https://registry.npmjs.org/node-ssdp/-/node-ssdp-3.2.5.tgz",
      "integrity": "sha1-zrnHrmxg5PEIuKqBpGf9uOYDobs=",
      "requires": {
        "async": "2.6.0",
        "bluebird": "3.5.1",
        "debug": "2.6.9",
        "extend": "3.0.1",
        "ip": "1.1.5"
      }
    },
    "q": {
      "version": "1.1.2",
      "resolved": "https://registry.npmjs.org/q/-/q-1.1.2.tgz",
      "integrity": "sha1-Y1fikSBnAdmfGXq4TlforRlvKok="
    },
    "simple-swizzle": {
      "version": "0.2.2",
      "resolved": "https://registry.npmjs.org/simple-swizzle/-/simple-swizzle-0.2.2.tgz",
      "integrity": "sha1-pNprY1/8zMoz9w0Xy5JZLeleVXo=",
      "requires": {
        "is-arrayish": "0.3.1"
      }
    },
    "unc-path-regex": {
      "version": "0.1.2",
      "resolved": "https://registry.npmjs.org/unc-path-regex/-/unc-path-regex-0.1.2.tgz",
      "integrity": "sha1-5z3T17DXxe2G+6xrCufYxqadUPo="
    }
  }
}
